{
  "nodes": {
    "nixpkgs": {
      "locked": {
        "lastModified": 1611910458,
        "narHash": "sha256-//j54S14v9lp3YKizS1WZW3WKwLjGTzvwhHfUAaRBPQ=",
        "path": "/nix/store/z5g10k571cc5q9yvr0bafzswp0ggawjw-source",
        "rev": "6e7f25001fe6874f7ae271891f709bbf50a22c45",
        "type": "path"
      },
      "original": {
        "id": "nixpkgs",
        "type": "indirect"
      }
    },
    "root": {
      "inputs": {
        "nixpkgs": "nixpkgs"
      }
    }
  },
  "root": "root",
  "version": 7
}
